github.com/Snow-00/learn-go-module v1.0.0 h1:ZOobHvS1FCNmDFXVoCEXT6A8on3H9OrcPCKjj2HB1+M=
github.com/Snow-00/learn-go-module v1.0.0/go.mod h1:BArH9/B4KioxgAQkCP2mVzNNcc+VFx1pb8kzKNyq5ug=
github.com/Snow-00/learn-go-module v1.0.1 h1:h46TW0QqbQGM6sMezJQRJV7mndL2gYkMc68H3fLzXso=
github.com/Snow-00/learn-go-module v1.0.1/go.mod h1:BArH9/B4KioxgAQkCP2mVzNNcc+VFx1pb8kzKNyq5ug=
github.com/Snow-00/learn-go-module v1.0.2 h1:xZnKLR8a6noxSS8zYzxQA1CNyNgW1Bak4f3IwPdNsj8=
github.com/Snow-00/learn-go-module v1.0.2/go.mod h1:BArH9/B4KioxgAQkCP2mVzNNcc+VFx1pb8kzKNyq5ug=
